
Microsoft Visual Studio Solution File, Format Version 12.00
# Visual Studio Version 17
VisualStudioVersion = 17.5.33502.453
MinimumVisualStudioVersion = 10.0.40219.1
Project("{9A19103F-16F7-4668-BE54-9A1E7A4F7556}") = "SpreadsheetLigth", "SpreadsheetLigth.csproj", "{940DF9ED-BA17-4E2E-8961-0ADF9FE74CBF}"
EndProject
Global
	GlobalSection(SolutionConfigurationPlatforms) = preSolution
		Debug|Any CPU = Debug|Any CPU
		Release|Any CPU = Release|Any CPU
	EndGlobalSection
	GlobalSection(ProjectConfigurationPlatforms) = postSolution
		{940DF9ED-BA17-4E2E-8961-0ADF9FE74CBF}.Debug|Any CPU.ActiveCfg = Debug|Any CPU
		{940DF9ED-BA17-4E2E-8961-0ADF9FE74CBF}.Debug|Any CPU.Build.0 = Debug|Any CPU
		{940DF9ED-BA17-4E2E-8961-0ADF9FE74CBF}.Release|Any CPU.ActiveCfg = Release|Any CPU
		{940DF9ED-BA17-4E2E-8961-0ADF9FE74CBF}.Release|Any CPU.Build.0 = Release|Any CPU
	EndGlobalSection
	GlobalSection(SolutionProperties) = preSolution
		HideSolutionNode = FALSE
	EndGlobalSection
	GlobalSection(ExtensibilityGlobals) = postSolution
		SolutionGuid = {6418CA9D-35F5-404A-89BF-599615E238F9}
	EndGlobalSection
EndGlobal
